// !$*UTF8*$!
{
	archiveVersion = 1;
	classes = {
	};
	objectVersion = 50;
	objects = {

/* Begin PBXBuildFile section */
		D78060A82511A897003575DF /* AppDelegate.swift in Sources */ = {isa = PBXBuildFile; fileRef = D78060A72511A897003575DF /* AppDelegate.swift */; };
		D78060AA2511A897003575DF /* SceneDelegate.swift in Sources */ = {isa = PBXBuildFile; fileRef = D78060A92511A897003575DF /* SceneDelegate.swift */; };
		D78060AC2511A897003575DF /* ViewController.swift in Sources */ = {isa = PBXBuildFile; fileRef = D78060AB2511A897003575DF /* ViewController.swift */; };
		D78060B12511A898003575DF /* Assets.xcassets in Resources */ = {isa = PBXBuildFile; fileRef = D78060B02511A898003575DF /* Assets.xcassets */; };
		D78060B42511A898003575DF /* LaunchScreen.storyboard in Resources */ = {isa = PBXBuildFile; fileRef = D78060B22511A898003575DF /* LaunchScreen.storyboard */; };
		D7DE7F812512466C00EC8C8B /* VSScene.swift in Sources */ = {isa = PBXBuildFile; fileRef = D7DE7F802512466C00EC8C8B /* VSScene.swift */; };
		D7DE7F832512468C00EC8C8B /* VSSceneManager.swift in Sources */ = {isa = PBXBuildFile; fileRef = D7DE7F822512468C00EC8C8B /* VSSceneManager.swift */; };
		D7DE7F85251246B500EC8C8B /* NodeNames.swift in Sources */ = {isa = PBXBuildFile; fileRef = D7DE7F84251246B500EC8C8B /* NodeNames.swift */; };
		D7DE7F872512545600EC8C8B /* MyParticle.sks in Resources */ = {isa = PBXBuildFile; fileRef = D7DE7F862512545600EC8C8B /* MyParticle.sks */; };
/* End PBXBuildFile section */

/* Begin PBXFileReference section */
		D78060A42511A897003575DF /* Visu.app */ = {isa = PBXFileReference; explicitFileType = wrapper.application; includeInIndex = 0; path = Visu.app; sourceTree = BUILT_PRODUCTS_DIR; };
		D78060A72511A897003575DF /* AppDelegate.swift */ = {isa = PBXFileReference; lastKnownFileType = sourcecode.swift; path = AppDelegate.swift; sourceTree = "<group>"; };
		D78060A92511A897003575DF /* SceneDelegate.swift */ = {isa = PBXFileReference; lastKnownFileType = sourcecode.swift; path = SceneDelegate.swift; sourceTree = "<group>"; };
		D78060AB2511A897003575DF /* ViewController.swift */ = {isa = PBXFileReference; lastKnownFileType = sourcecode.swift; path = ViewController.swift; sourceTree = "<group>"; };
		D78060B02511A898003575DF /* Assets.xcassets */ = {isa = PBXFileReference; lastKnownFileType = folder.assetcatalog; path = Assets.xcassets; sourceTree = "<group>"; };
		D78060B32511A898003575DF /* Base */ = {isa = PBXFileReference; lastKnownFileType = file.storyboard; name = Base; path = Base.lproj/LaunchScreen.storyboard; sourceTree = "<group>"; };
		D78060B52511A898003575DF /* Info.plist */ = {isa = PBXFileReference; lastKnownFileType = text.plist.xml; path = Info.plist; sourceTree = "<group>"; };
		D7DE7F802512466C00EC8C8B /* VSScene.swift */ = {isa = PBXFileReference; lastKnownFileType = sourcecode.swift; path = VSScene.swift; sourceTree = "<group>"; };
		D7DE7F822512468C00EC8C8B /* VSSceneManager.swift */ = {isa = PBXFileReference; lastKnownFileType = sourcecode.swift; path = VSSceneManager.swift; sourceTree = "<group>"; };
		D7DE7F84251246B500EC8C8B /* NodeNames.swift */ = {isa = PBXFileReference; lastKnownFileType = sourcecode.swift; path = NodeNames.swift; sourceTree = "<group>"; };
		D7DE7F862512545600EC8C8B /* MyParticle.sks */ = {isa = PBXFileReference; lastKnownFileType = file.sks; path = MyParticle.sks; sourceTree = "<group>"; };
/* End PBXFileReference section */

/* Begin PBXFrameworksBuildPhase section */
		D78060A12511A897003575DF /* Frameworks */ = {
			isa = PBXFrameworksBuildPhase;
			buildActionMask = 2147483647;
			files = (
			);
			runOnlyForDeploymentPostprocessing = 0;
		};
/* End PBXFrameworksBuildPhase section */

/* Begin PBXGroup section */
		D780609B2511A897003575DF = {
			isa = PBXGroup;
			children = (
				D78060A62511A897003575DF /* Visu */,
				D78060A52511A897003575DF /* Products */,
			);
			sourceTree = "<group>";
		};
		D78060A52511A897003575DF /* Products */ = {
			isa = PBXGroup;
			children = (
				D78060A42511A897003575DF /* Visu.app */,
			);
			name = Products;
			sourceTree = "<group>";
		};
		D78060A62511A897003575DF /* Visu */ = {
			isa = PBXGroup;
			children = (
				D78060A72511A897003575DF /* AppDelegate.swift */,
				D78060A92511A897003575DF /* SceneDelegate.swift */,
				D78060AB2511A897003575DF /* ViewController.swift */,
				D7DE7F802512466C00EC8C8B /* VSScene.swift */,
				D7DE7F822512468C00EC8C8B /* VSSceneManager.swift */,
				D7DE7F862512545600EC8C8B /* MyParticle.sks */,
				D7DE7F84251246B500EC8C8B /* NodeNames.swift */,
				D78060B02511A898003575DF /* Assets.xcassets */,
				D78060B22511A898003575DF /* LaunchScreen.storyboard */,
				D78060B52511A898003575DF /* Info.plist */,
			);
			path = Visu;
			sourceTree = "<group>";
		};
/* End PBXGroup section */

/* Begin PBXNativeTarget section */
		D78060A32511A897003575DF /* Visu */ = {
			isa = PBXNativeTarget;
			buildConfigurationList = D78060B82511A898003575DF /* Build configuration list for PBXNativeTarget "Visu" */;
			buildPhases = (
				D78060A02511A897003575DF /* Sources */,
				D78060A12511A897003575DF /* Frameworks */,
				D78060A22511A897003575DF /* Resources */,
			);
			buildRules = (
			);
			dependencies = (
			);
			name = Visu;
			productName = Visu;
			productReference = D78060A42511A897003575DF /* Visu.app */;
			productType = "com.apple.product-type.application";
		};
/* End PBXNativeTarget section */

/* Begin PBXProject section */
		D780609C2511A897003575DF /* Project object */ = {
			isa = PBXProject;
			attributes = {
				LastSwiftUpdateCheck = 1170;
				LastUpgradeCheck = 1170;
				ORGANIZATIONNAME = "Bruno Pastre";
				TargetAttributes = {
					D78060A32511A897003575DF = {
						CreatedOnToolsVersion = 11.7;
					};
				};
			};
			buildConfigurationList = D780609F2511A897003575DF /* Build configuration list for PBXProject "Visu" */;
			compatibilityVersion = "Xcode 9.3";
			developmentRegion = en;
			hasScannedForEncodings = 0;
			knownRegions = (
				en,
				Base,
			);
			mainGroup = D780609B2511A897003575DF;
			productRefGroup = D78060A52511A897003575DF /* Products */;
			projectDirPath = "";
			projectRoot = "";
			targets = (
				D78060A32511A897003575DF /* Visu */,
			);
		};
/* End PBXProject section */

/* Begin PBXResourcesBuildPhase section */
		D78060A22511A897003575DF /* Resources */ = {
			isa = PBXResourcesBuildPhase;
			buildActionMask = 2147483647;
			files = (
				D78060B42511A898003575DF /* LaunchScreen.storyboard in Resources */,
				D7DE7F872512545600EC8C8B /* MyParticle.sks in Resources */,
				D78060B12511A898003575DF /* Assets.xcassets in Resources */,
			);
			runOnlyForDeploymentPostprocessing = 0;
		};
/* End PBXResourcesBuildPhase section */

/* Begin PBXSourcesBuildPhase section */
		D78060A02511A897003575DF /* Sources */ = {
			isa = PBXSourcesBuildPhase;
			buildActionMask = 2147483647;
			files = (
				D78060AC2511A897003575DF /* ViewController.swift in Sources */,
				D78060A82511A897003575DF /* AppDelegate.swift in Sources */,
				D7DE7F832512468C00EC8C8B /* VSSceneManager.swift in Sources */,
				D78060AA2511A897003575DF /* SceneDelegate.swift in Sources */,
				D7DE7F85251246B500EC8C8B /* NodeNames.swift in Sources */,
				D7DE7F812512466C00EC8C8B /* VSScene.swift in Sources */,
			);
			runOnlyForDeploymentPostprocessing = 0;
		};
/* End PBXSourcesBuildPhase section */

/* Begin PBXVariantGroup section */
		D78060B22511A898003575DF /* LaunchScreen.storyboard */ = {
			isa = PBXVariantGroup;
			children = (
				D78060B32511A898003575DF /* Base */,
			);
			name = LaunchScreen.storyboard;
			sourceTree = "<group>";
		};
/* End PBXVariantGroup section */

/* Begin XCBuildConfiguration section */
		D78060B62511A898003575DF /* Debug */ = {
			isa = XCBuildConfiguration;
			buildSettings = {
				ALWAYS_SEARCH_USER_PATHS = NO;
				CLANG_ANALYZER_NONNULL = YES;
				CLANG_ANALYZER_NUMBER_OBJECT_CONVERSION = YES_AGGRESSIVE;
				CLANG_CXX_LANGUAGE_STANDARD = "gnu++14";
				CLANG_CXX_LIBRARY = "libc++";
				CLANG_ENABLE_MODULES = YES;
				CLANG_ENABLE_OBJC_ARC = YES;
				CLANG_ENABLE_OBJC_WEAK = YES;
				CLANG_WARN_BLOCK_CAPTURE_AUTORELEASING = YES;
				CLANG_WARN_BOOL_CONVERSION = YES;
				CLANG_WARN_COMMA = YES;
				CLANG_WARN_CONSTANT_CONVERSION = YES;
				CLANG_WARN_DEPRECATED_OBJC_IMPLEMENTATIONS = YES;
				CLANG_WARN_DIRECT_OBJC_ISA_USAGE = YES_ERROR;
				CLANG_WARN_DOCUMENTATION_COMMENTS = YES;
				CLANG_WARN_EMPTY_BODY = YES;
				CLANG_WARN_ENUM_CONVERSION = YES;
				CLANG_WARN_INFINITE_RECURSION = YES;
				CLANG_WARN_INT_CONVERSION = YES;
				CLANG_WARN_NON_LITERAL_NULL_CONVERSION = YES;
				CLANG_WARN_OBJC_IMPLICIT_RETAIN_SELF = YES;
				CLANG_WARN_OBJC_LITERAL_CONVERSION = YES;
				CLANG_WARN_OBJC_ROOT_CLASS = YES_ERROR;
				CLANG_WARN_RANGE_LOOP_ANALYSIS = YES;
				CLANG_WARN_STRICT_PROTOTYPES = YES;
				CLANG_WARN_SUSPICIOUS_MOVE = YES;
				CLANG_WARN_UNGUARDED_AVAILABILITY = YES_AGGRESSIVE;
				CLANG_WARN_UNREACHABLE_CODE = YES;
				CLANG_WARN__DUPLICATE_METHOD_MATCH = YES;
				COPY_PHASE_STRIP = NO;
				DEBUG_INFORMATION_FORMAT = dwarf;
				ENABLE_STRICT_OBJC_MSGSEND = YES;
				ENABLE_TESTABILITY = YES;
				GCC_C_LANGUAGE_STANDARD = gnu11;
				GCC_DYNAMIC_NO_PIC = NO;
				GCC_NO_COMMON_BLOCKS = YES;
				GCC_OPTIMIZATION_LEVEL = 0;
				GCC_PREPROCESSOR_DEFINITIONS = (
					"DEBUG=1",
					"$(inherited)",
				);
				GCC_WARN_64_TO_32_BIT_CONVERSION = YES;
				GCC_WARN_ABOUT_RETURN_TYPE = YES_ERROR;
				GCC_WARN_UNDECLARED_SELECTOR = YES;
				GCC_WARN_UNINITIALIZED_AUTOS = YES_AGGRESSIVE;
				GCC_WARN_UNUSED_FUNCTION = YES;
				GCC_WARN_UNUSED_VARIABLE = YES;
				IPHONEOS_DEPLOYMENT_TARGET = 13.7;
				MTL_ENABLE_DEBUG_INFO = INCLUDE_SOURCE;
				MTL_FAST_MATH = YES;
				ONLY_ACTIVE_ARCH = YES;
				SDKROOT = iphoneos;
				SWIFT_ACTIVE_COMPILATION_CONDITIONS = DEBUG;
				SWIFT_OPTIMIZATION_LEVEL = "-Onone";
			};
			name = Debug;
		};
		D78060B72511A898003575DF /* Release */ = {
			isa = XCBuildConfiguration;
			buildSettings = {
				ALWAYS_SEARCH_USER_PATHS = NO;
				CLANG_ANALYZER_NONNULL = YES;
				CLANG_ANALYZER_NUMBER_OBJECT_CONVERSION = YES_AGGRESSIVE;
				CLANG_CXX_LANGUAGE_STANDARD = "gnu++14";
				CLANG_CXX_LIBRARY = "libc++";
				CLANG_ENABLE_MODULES = YES;
				CLANG_ENABLE_OBJC_ARC = YES;
				CLANG_ENABLE_OBJC_WEAK = YES;
				CLANG_WARN_BLOCK_CAPTURE_AUTORELEASING = YES;
				CLANG_WARN_BOOL_CONVERSION = YES;
				CLANG_WARN_COMMA = YES;
				CLANG_WARN_CONSTANT_CONVERSION = YES;
				CLANG_WARN_DEPRECATED_OBJC_IMPLEMENTATIONS = YES;
				CLANG_WARN_DIRECT_OBJC_ISA_USAGE = YES_ERROR;
				CLANG_WARN_DOCUMENTATION_COMMENTS = YES;
				CLANG_WARN_EMPTY_BODY = YES;
				CLANG_WARN_ENUM_CONVERSION = YES;
				CLANG_WARN_INFINITE_RECURSION = YES;
				CLANG_WARN_INT_CONVERSION = YES;
				CLANG_WARN_NON_LITERAL_NULL_CONVERSION = YES;
				CLANG_WARN_OBJC_IMPLICIT_RETAIN_SELF = YES;
				CLANG_WARN_OBJC_LITERAL_CONVERSION = YES;
				CLANG_WARN_OBJC_ROOT_CLASS = YES_ERROR;
				CLANG_WARN_RANGE_LOOP_ANALYSIS = YES;
				CLANG_WARN_STRICT_PROTOTYPES = YES;
				CLANG_WARN_SUSPICIOUS_MOVE = YES;
				CLANG_WARN_UNGUARDED_AVAILABILITY = YES_AGGRESSIVE;
				CLANG_WARN_UNREACHABLE_CODE = YES;
				CLANG_WARN__DUPLICATE_METHOD_MATCH = YES;
				COPY_PHASE_STRIP = NO;
				DEBUG_INFORMATION_FORMAT = "dwarf-with-dsym";
				ENABLE_NS_ASSERTIONS = NO;
				ENABLE_STRICT_OBJC_MSGSEND = YES;
				GCC_C_LANGUAGE_STANDARD = gnu11;
				GCC_NO_COMMON_BLOCKS = YES;
				GCC_WARN_64_TO_32_BIT_CONVERSION = YES;
				GCC_WARN_ABOUT_RETURN_TYPE = YES_ERROR;
				GCC_WARN_UNDECLARED_SELECTOR = YES;
				GCC_WARN_UNINITIALIZED_AUTOS = YES_AGGRESSIVE;
				GCC_WARN_UNUSED_FUNCTION = YES;
				GCC_WARN_UNUSED_VARIABLE = YES;
				IPHONEOS_DEPLOYMENT_TARGET = 13.7;
				MTL_ENABLE_DEBUG_INFO = NO;
				MTL_FAST_MATH = YES;
				SDKROOT = iphoneos;
				SWIFT_COMPILATION_MODE = wholemodule;
				SWIFT_OPTIMIZATION_LEVEL = "-O";
				VALIDATE_PRODUCT = YES;
			};
			name = Release;
		};
		D78060B92511A898003575DF /* Debug */ = {
			isa = XCBuildConfiguration;
			buildSettings = {
				ASSETCATALOG_COMPILER_APPICON_NAME = AppIcon;
				CODE_SIGN_STYLE = Automatic;
				DEVELOPMENT_TEAM = QM43B7QRF9;
				INFOPLIST_FILE = Visu/Info.plist;
				IPHONEOS_DEPLOYMENT_TARGET = 13.6;
				LD_RUNPATH_SEARCH_PATHS = (
					"$(inherited)",
					"@executable_path/Frameworks",
				);
				PRODUCT_BUNDLE_IDENTIFIER = dev.pastre.Visu;
				PRODUCT_NAME = "$(TARGET_NAME)";
				SWIFT_VERSION = 5.0;
				TARGETED_DEVICE_FAMILY = "1,2";
			};
			name = Debug;
		};
		D78060BA2511A898003575DF /* Release */ = {
			isa = XCBuildConfiguration;
			buildSettings = {
				ASSETCATALOG_COMPILER_APPICON_NAME = AppIcon;
				CODE_SIGN_STYLE = Automatic;
				DEVELOPMENT_TEAM = QM43B7QRF9;
				INFOPLIST_FILE = Visu/Info.plist;
				IPHONEOS_DEPLOYMENT_TARGET = 13.6;
				LD_RUNPATH_SEARCH_PATHS = (
					"$(inherited)",
					"@executable_path/Frameworks",
				);
				PRODUCT_BUNDLE_IDENTIFIER = dev.pastre.Visu;
				PRODUCT_NAME = "$(TARGET_NAME)";
				SWIFT_VERSION = 5.0;
				TARGETED_DEVICE_FAMILY = "1,2";
			};
			name = Release;
		};
/* End XCBuildConfiguration section */

/* Begin XCConfigurationList section */
		D780609F2511A897003575DF /* Build configuration list for PBXProject "Visu" */ = {
			isa = XCConfigurationList;
			buildConfigurations = (
				D78060B62511A898003575DF /* Debug */,
				D78060B72511A898003575DF /* Release */,
			);
			defaultConfigurationIsVisible = 0;
			defaultConfigurationName = Release;
		};
		D78060B82511A898003575DF /* Build configuration list for PBXNativeTarget "Visu" */ = {
			isa = XCConfigurationList;
			buildConfigurations = (
				D78060B92511A898003575DF /* Debug */,
				D78060BA2511A898003575DF /* Release */,
			);
			defaultConfigurationIsVisible = 0;
			defaultConfigurationName = Release;
		};
/* End XCConfigurationList section */
	};
	rootObject = D780609C2511A897003575DF /* Project object */;
}
